
Microsoft Visual Studio Solution File, Format Version 12.00
# Visual Studio Version 17
VisualStudioVersion = 17.5.33530.505
MinimumVisualStudioVersion = 10.0.40219.1
Project("{FAE04EC0-301F-11D3-BF4B-00C04F79EFBC}") = "PregledPlus", "PregledPlus.csproj", "{D1312A20-759E-4C41-ADE2-7917207726EE}"
EndProject
Global
	GlobalSection(SolutionConfigurationPlatforms) = preSolution
		Debug|Any CPU = Debug|Any CPU
		Release|Any CPU = Release|Any CPU
	EndGlobalSection
	GlobalSection(ProjectConfigurationPlatforms) = postSolution
		{D1312A20-759E-4C41-ADE2-7917207726EE}.Debug|Any CPU.ActiveCfg = Debug|Any CPU
		{D1312A20-759E-4C41-ADE2-7917207726EE}.Debug|Any CPU.Build.0 = Debug|Any CPU
		{D1312A20-759E-4C41-ADE2-7917207726EE}.Release|Any CPU.ActiveCfg = Release|Any CPU
		{D1312A20-759E-4C41-ADE2-7917207726EE}.Release|Any CPU.Build.0 = Release|Any CPU
	EndGlobalSection
	GlobalSection(SolutionProperties) = preSolution
		HideSolutionNode = FALSE
	EndGlobalSection
	GlobalSection(ExtensibilityGlobals) = postSolution
		SolutionGuid = {3E80F0F7-8EF9-435E-A593-4DAFB93D76CE}
	EndGlobalSection
EndGlobal
